// !$*UTF8*$!
{
	archiveVersion = 1;
	classes = {
	};
	objectVersion = 56;
	objects = {

/* Begin PBXBuildFile section */
		77490A042C9B8E2400B3F09F /* TabBar_SwiftUIApp.swift in Sources */ = {isa = PBXBuildFile; fileRef = 77490A032C9B8E2400B3F09F /* TabBar_SwiftUIApp.swift */; };
		77490A062C9B8E2400B3F09F /* ContentView.swift in Sources */ = {isa = PBXBuildFile; fileRef = 77490A052C9B8E2400B3F09F /* ContentView.swift */; };
		77490A082C9B8E2700B3F09F /* Assets.xcassets in Resources */ = {isa = PBXBuildFile; fileRef = 77490A072C9B8E2700B3F09F /* Assets.xcassets */; };
		77490A0C2C9B8E2700B3F09F /* Preview Assets.xcassets in Resources */ = {isa = PBXBuildFile; fileRef = 77490A0B2C9B8E2700B3F09F /* Preview Assets.xcassets */; };
		77490A142C9B8E8000B3F09F /* Tab.swift in Sources */ = {isa = PBXBuildFile; fileRef = 77490A132C9B8E8000B3F09F /* Tab.swift */; };
		77490A162C9B8EA700B3F09F /* TabShape.swift in Sources */ = {isa = PBXBuildFile; fileRef = 77490A152C9B8EA700B3F09F /* TabShape.swift */; };
		77490A182C9B8EF100B3F09F /* TabPosition.swift in Sources */ = {isa = PBXBuildFile; fileRef = 77490A172C9B8EF100B3F09F /* TabPosition.swift */; };
		77490A1A2C9B8F4600B3F09F /* TabItem.swift in Sources */ = {isa = PBXBuildFile; fileRef = 77490A192C9B8F4600B3F09F /* TabItem.swift */; };
/* End PBXBuildFile section */

/* Begin PBXFileReference section */
		77490A002C9B8E2400B3F09F /* TabBar_SwiftUI.app */ = {isa = PBXFileReference; explicitFileType = wrapper.application; includeInIndex = 0; path = TabBar_SwiftUI.app; sourceTree = BUILT_PRODUCTS_DIR; };
		77490A032C9B8E2400B3F09F /* TabBar_SwiftUIApp.swift */ = {isa = PBXFileReference; lastKnownFileType = sourcecode.swift; path = TabBar_SwiftUIApp.swift; sourceTree = "<group>"; };
		77490A052C9B8E2400B3F09F /* ContentView.swift */ = {isa = PBXFileReference; lastKnownFileType = sourcecode.swift; path = ContentView.swift; sourceTree = "<group>"; };
		77490A072C9B8E2700B3F09F /* Assets.xcassets */ = {isa = PBXFileReference; lastKnownFileType = folder.assetcatalog; path = Assets.xcassets; sourceTree = "<group>"; };
		77490A092C9B8E2700B3F09F /* TabBar_SwiftUI.entitlements */ = {isa = PBXFileReference; lastKnownFileType = text.plist.entitlements; path = TabBar_SwiftUI.entitlements; sourceTree = "<group>"; };
		77490A0B2C9B8E2700B3F09F /* Preview Assets.xcassets */ = {isa = PBXFileReference; lastKnownFileType = folder.assetcatalog; path = "Preview Assets.xcassets"; sourceTree = "<group>"; };
		77490A132C9B8E8000B3F09F /* Tab.swift */ = {isa = PBXFileReference; lastKnownFileType = sourcecode.swift; path = Tab.swift; sourceTree = "<group>"; };
		77490A152C9B8EA700B3F09F /* TabShape.swift */ = {isa = PBXFileReference; lastKnownFileType = sourcecode.swift; path = TabShape.swift; sourceTree = "<group>"; };
		77490A172C9B8EF100B3F09F /* TabPosition.swift */ = {isa = PBXFileReference; lastKnownFileType = sourcecode.swift; path = TabPosition.swift; sourceTree = "<group>"; };
		77490A192C9B8F4600B3F09F /* TabItem.swift */ = {isa = PBXFileReference; lastKnownFileType = sourcecode.swift; path = TabItem.swift; sourceTree = "<group>"; };
/* End PBXFileReference section */

/* Begin PBXFrameworksBuildPhase section */
		774909FD2C9B8E2400B3F09F /* Frameworks */ = {
			isa = PBXFrameworksBuildPhase;
			buildActionMask = 2147483647;
			files = (
			);
			runOnlyForDeploymentPostprocessing = 0;
		};
/* End PBXFrameworksBuildPhase section */

/* Begin PBXGroup section */
		774909F72C9B8E2400B3F09F = {
			isa = PBXGroup;
			children = (
				77490A022C9B8E2400B3F09F /* TabBar_SwiftUI */,
				77490A012C9B8E2400B3F09F /* Products */,
			);
			sourceTree = "<group>";
		};
		77490A012C9B8E2400B3F09F /* Products */ = {
			isa = PBXGroup;
			children = (
				77490A002C9B8E2400B3F09F /* TabBar_SwiftUI.app */,
			);
			name = Products;
			sourceTree = "<group>";
		};
		77490A022C9B8E2400B3F09F /* TabBar_SwiftUI */ = {
			isa = PBXGroup;
			children = (
				77490A122C9B8E7300B3F09F /* Helpers */,
				77490A032C9B8E2400B3F09F /* TabBar_SwiftUIApp.swift */,
				77490A192C9B8F4600B3F09F /* TabItem.swift */,
				77490A052C9B8E2400B3F09F /* ContentView.swift */,
				77490A072C9B8E2700B3F09F /* Assets.xcassets */,
				77490A092C9B8E2700B3F09F /* TabBar_SwiftUI.entitlements */,
				77490A0A2C9B8E2700B3F09F /* Preview Content */,
			);
			path = TabBar_SwiftUI;
			sourceTree = "<group>";
		};
		77490A0A2C9B8E2700B3F09F /* Preview Content */ = {
			isa = PBXGroup;
			children = (
				77490A0B2C9B8E2700B3F09F /* Preview Assets.xcassets */,
			);
			path = "Preview Content";
			sourceTree = "<group>";
		};
		77490A122C9B8E7300B3F09F /* Helpers */ = {
			isa = PBXGroup;
			children = (
				77490A132C9B8E8000B3F09F /* Tab.swift */,
				77490A152C9B8EA700B3F09F /* TabShape.swift */,
				77490A172C9B8EF100B3F09F /* TabPosition.swift */,
			);
			path = Helpers;
			sourceTree = "<group>";
		};
/* End PBXGroup section */

/* Begin PBXNativeTarget section */
		774909FF2C9B8E2400B3F09F /* TabBar_SwiftUI */ = {
			isa = PBXNativeTarget;
			buildConfigurationList = 77490A0F2C9B8E2700B3F09F /* Build configuration list for PBXNativeTarget "TabBar_SwiftUI" */;
			buildPhases = (
				774909FC2C9B8E2400B3F09F /* Sources */,
				774909FD2C9B8E2400B3F09F /* Frameworks */,
				774909FE2C9B8E2400B3F09F /* Resources */,
			);
			buildRules = (
			);
			dependencies = (
			);
			name = TabBar_SwiftUI;
			productName = TabBar_SwiftUI;
			productReference = 77490A002C9B8E2400B3F09F /* TabBar_SwiftUI.app */;
			productType = "com.apple.product-type.application";
		};
/* End PBXNativeTarget section */

/* Begin PBXProject section */
		774909F82C9B8E2400B3F09F /* Project object */ = {
			isa = PBXProject;
			attributes = {
				BuildIndependentTargetsInParallel = 1;
				LastSwiftUpdateCheck = 1520;
				LastUpgradeCheck = 1520;
				TargetAttributes = {
					774909FF2C9B8E2400B3F09F = {
						CreatedOnToolsVersion = 15.2;
					};
				};
			};
			buildConfigurationList = 774909FB2C9B8E2400B3F09F /* Build configuration list for PBXProject "TabBar_SwiftUI" */;
			compatibilityVersion = "Xcode 14.0";
			developmentRegion = en;
			hasScannedForEncodings = 0;
			knownRegions = (
				en,
				Base,
			);
			mainGroup = 774909F72C9B8E2400B3F09F;
			productRefGroup = 77490A012C9B8E2400B3F09F /* Products */;
			projectDirPath = "";
			projectRoot = "";
			targets = (
				774909FF2C9B8E2400B3F09F /* TabBar_SwiftUI */,
			);
		};
/* End PBXProject section */

/* Begin PBXResourcesBuildPhase section */
		774909FE2C9B8E2400B3F09F /* Resources */ = {
			isa = PBXResourcesBuildPhase;
			buildActionMask = 2147483647;
			files = (
				77490A0C2C9B8E2700B3F09F /* Preview Assets.xcassets in Resources */,
				77490A082C9B8E2700B3F09F /* Assets.xcassets in Resources */,
			);
			runOnlyForDeploymentPostprocessing = 0;
		};
/* End PBXResourcesBuildPhase section */

/* Begin PBXSourcesBuildPhase section */
		774909FC2C9B8E2400B3F09F /* Sources */ = {
			isa = PBXSourcesBuildPhase;
			buildActionMask = 2147483647;
			files = (
				77490A142C9B8E8000B3F09F /* Tab.swift in Sources */,
				77490A162C9B8EA700B3F09F /* TabShape.swift in Sources */,
				77490A1A2C9B8F4600B3F09F /* TabItem.swift in Sources */,
				77490A062C9B8E2400B3F09F /* ContentView.swift in Sources */,
				77490A042C9B8E2400B3F09F /* TabBar_SwiftUIApp.swift in Sources */,
				77490A182C9B8EF100B3F09F /* TabPosition.swift in Sources */,
			);
			runOnlyForDeploymentPostprocessing = 0;
		};
/* End PBXSourcesBuildPhase section */

/* Begin XCBuildConfiguration section */
		77490A0D2C9B8E2700B3F09F /* Debug */ = {
			isa = XCBuildConfiguration;
			buildSettings = {
				ALWAYS_SEARCH_USER_PATHS = NO;
				ASSETCATALOG_COMPILER_GENERATE_SWIFT_ASSET_SYMBOL_EXTENSIONS = YES;
				CLANG_ANALYZER_NONNULL = YES;
				CLANG_ANALYZER_NUMBER_OBJECT_CONVERSION = YES_AGGRESSIVE;
				CLANG_CXX_LANGUAGE_STANDARD = "gnu++20";
				CLANG_ENABLE_MODULES = YES;
				CLANG_ENABLE_OBJC_ARC = YES;
				CLANG_ENABLE_OBJC_WEAK = YES;
				CLANG_WARN_BLOCK_CAPTURE_AUTORELEASING = YES;
				CLANG_WARN_BOOL_CONVERSION = YES;
				CLANG_WARN_COMMA = YES;
				CLANG_WARN_CONSTANT_CONVERSION = YES;
				CLANG_WARN_DEPRECATED_OBJC_IMPLEMENTATIONS = YES;
				CLANG_WARN_DIRECT_OBJC_ISA_USAGE = YES_ERROR;
				CLANG_WARN_DOCUMENTATION_COMMENTS = YES;
				CLANG_WARN_EMPTY_BODY = YES;
				CLANG_WARN_ENUM_CONVERSION = YES;
				CLANG_WARN_INFINITE_RECURSION = YES;
				CLANG_WARN_INT_CONVERSION = YES;
				CLANG_WARN_NON_LITERAL_NULL_CONVERSION = YES;
				CLANG_WARN_OBJC_IMPLICIT_RETAIN_SELF = YES;
				CLANG_WARN_OBJC_LITERAL_CONVERSION = YES;
				CLANG_WARN_OBJC_ROOT_CLASS = YES_ERROR;
				CLANG_WARN_QUOTED_INCLUDE_IN_FRAMEWORK_HEADER = YES;
				CLANG_WARN_RANGE_LOOP_ANALYSIS = YES;
				CLANG_WARN_STRICT_PROTOTYPES = YES;
				CLANG_WARN_SUSPICIOUS_MOVE = YES;
				CLANG_WARN_UNGUARDED_AVAILABILITY = YES_AGGRESSIVE;
				CLANG_WARN_UNREACHABLE_CODE = YES;
				CLANG_WARN__DUPLICATE_METHOD_MATCH = YES;
				COPY_PHASE_STRIP = NO;
				DEBUG_INFORMATION_FORMAT = dwarf;
				ENABLE_STRICT_OBJC_MSGSEND = YES;
				ENABLE_TESTABILITY = YES;
				ENABLE_USER_SCRIPT_SANDBOXING = YES;
				GCC_C_LANGUAGE_STANDARD = gnu17;
				GCC_DYNAMIC_NO_PIC = NO;
				GCC_NO_COMMON_BLOCKS = YES;
				GCC_OPTIMIZATION_LEVEL = 0;
				GCC_PREPROCESSOR_DEFINITIONS = (
					"DEBUG=1",
					"$(inherited)",
				);
				GCC_WARN_64_TO_32_BIT_CONVERSION = YES;
				GCC_WARN_ABOUT_RETURN_TYPE = YES_ERROR;
				GCC_WARN_UNDECLARED_SELECTOR = YES;
				GCC_WARN_UNINITIALIZED_AUTOS = YES_AGGRESSIVE;
				GCC_WARN_UNUSED_FUNCTION = YES;
				GCC_WARN_UNUSED_VARIABLE = YES;
				LOCALIZATION_PREFERS_STRING_CATALOGS = YES;
				MTL_ENABLE_DEBUG_INFO = INCLUDE_SOURCE;
				MTL_FAST_MATH = YES;
				ONLY_ACTIVE_ARCH = YES;
				SWIFT_ACTIVE_COMPILATION_CONDITIONS = "DEBUG $(inherited)";
				SWIFT_OPTIMIZATION_LEVEL = "-Onone";
			};
			name = Debug;
		};
		77490A0E2C9B8E2700B3F09F /* Release */ = {
			isa = XCBuildConfiguration;
			buildSettings = {
				ALWAYS_SEARCH_USER_PATHS = NO;
				ASSETCATALOG_COMPILER_GENERATE_SWIFT_ASSET_SYMBOL_EXTENSIONS = YES;
				CLANG_ANALYZER_NONNULL = YES;
				CLANG_ANALYZER_NUMBER_OBJECT_CONVERSION = YES_AGGRESSIVE;
				CLANG_CXX_LANGUAGE_STANDARD = "gnu++20";
				CLANG_ENABLE_MODULES = YES;
				CLANG_ENABLE_OBJC_ARC = YES;
				CLANG_ENABLE_OBJC_WEAK = YES;
				CLANG_WARN_BLOCK_CAPTURE_AUTORELEASING = YES;
				CLANG_WARN_BOOL_CONVERSION = YES;
				CLANG_WARN_COMMA = YES;
				CLANG_WARN_CONSTANT_CONVERSION = YES;
				CLANG_WARN_DEPRECATED_OBJC_IMPLEMENTATIONS = YES;
				CLANG_WARN_DIRECT_OBJC_ISA_USAGE = YES_ERROR;
				CLANG_WARN_DOCUMENTATION_COMMENTS = YES;
				CLANG_WARN_EMPTY_BODY = YES;
				CLANG_WARN_ENUM_CONVERSION = YES;
				CLANG_WARN_INFINITE_RECURSION = YES;
				CLANG_WARN_INT_CONVERSION = YES;
				CLANG_WARN_NON_LITERAL_NULL_CONVERSION = YES;
				CLANG_WARN_OBJC_IMPLICIT_RETAIN_SELF = YES;
				CLANG_WARN_OBJC_LITERAL_CONVERSION = YES;
				CLANG_WARN_OBJC_ROOT_CLASS = YES_ERROR;
				CLANG_WARN_QUOTED_INCLUDE_IN_FRAMEWORK_HEADER = YES;
				CLANG_WARN_RANGE_LOOP_ANALYSIS = YES;
				CLANG_WARN_STRICT_PROTOTYPES = YES;
				CLANG_WARN_SUSPICIOUS_MOVE = YES;
				CLANG_WARN_UNGUARDED_AVAILABILITY = YES_AGGRESSIVE;
				CLANG_WARN_UNREACHABLE_CODE = YES;
				CLANG_WARN__DUPLICATE_METHOD_MATCH = YES;
				COPY_PHASE_STRIP = NO;
				DEBUG_INFORMATION_FORMAT = "dwarf-with-dsym";
				ENABLE_NS_ASSERTIONS = NO;
				ENABLE_STRICT_OBJC_MSGSEND = YES;
				ENABLE_USER_SCRIPT_SANDBOXING = YES;
				GCC_C_LANGUAGE_STANDARD = gnu17;
				GCC_NO_COMMON_BLOCKS = YES;
				GCC_WARN_64_TO_32_BIT_CONVERSION = YES;
				GCC_WARN_ABOUT_RETURN_TYPE = YES_ERROR;
				GCC_WARN_UNDECLARED_SELECTOR = YES;
				GCC_WARN_UNINITIALIZED_AUTOS = YES_AGGRESSIVE;
				GCC_WARN_UNUSED_FUNCTION = YES;
				GCC_WARN_UNUSED_VARIABLE = YES;
				LOCALIZATION_PREFERS_STRING_CATALOGS = YES;
				MTL_ENABLE_DEBUG_INFO = NO;
				MTL_FAST_MATH = YES;
				SWIFT_COMPILATION_MODE = wholemodule;
			};
			name = Release;
		};
		77490A102C9B8E2700B3F09F /* Debug */ = {
			isa = XCBuildConfiguration;
			buildSettings = {
				ASSETCATALOG_COMPILER_APPICON_NAME = AppIcon;
				ASSETCATALOG_COMPILER_GLOBAL_ACCENT_COLOR_NAME = AccentColor;
				CODE_SIGN_ENTITLEMENTS = TabBar_SwiftUI/TabBar_SwiftUI.entitlements;
				CODE_SIGN_STYLE = Automatic;
				CURRENT_PROJECT_VERSION = 1;
				DEVELOPMENT_ASSET_PATHS = "\"TabBar_SwiftUI/Preview Content\"";
				DEVELOPMENT_TEAM = R769684S8H;
				ENABLE_HARDENED_RUNTIME = YES;
				ENABLE_PREVIEWS = YES;
				GENERATE_INFOPLIST_FILE = YES;
				"INFOPLIST_KEY_UIApplicationSceneManifest_Generation[sdk=iphoneos*]" = YES;
				"INFOPLIST_KEY_UIApplicationSceneManifest_Generation[sdk=iphonesimulator*]" = YES;
				"INFOPLIST_KEY_UIApplicationSupportsIndirectInputEvents[sdk=iphoneos*]" = YES;
				"INFOPLIST_KEY_UIApplicationSupportsIndirectInputEvents[sdk=iphonesimulator*]" = YES;
				"INFOPLIST_KEY_UILaunchScreen_Generation[sdk=iphoneos*]" = YES;
				"INFOPLIST_KEY_UILaunchScreen_Generation[sdk=iphonesimulator*]" = YES;
				"INFOPLIST_KEY_UIStatusBarStyle[sdk=iphoneos*]" = UIStatusBarStyleDefault;
				"INFOPLIST_KEY_UIStatusBarStyle[sdk=iphonesimulator*]" = UIStatusBarStyleDefault;
				INFOPLIST_KEY_UISupportedInterfaceOrientations_iPad = "UIInterfaceOrientationPortrait UIInterfaceOrientationPortraitUpsideDown UIInterfaceOrientationLandscapeLeft UIInterfaceOrientationLandscapeRight";
				INFOPLIST_KEY_UISupportedInterfaceOrientations_iPhone = "UIInterfaceOrientationPortrait UIInterfaceOrientationLandscapeLeft UIInterfaceOrientationLandscapeRight";
				IPHONEOS_DEPLOYMENT_TARGET = 17.2;
				LD_RUNPATH_SEARCH_PATHS = "@executable_path/Frameworks";
				"LD_RUNPATH_SEARCH_PATHS[sdk=macosx*]" = "@executable_path/../Frameworks";
				MACOSX_DEPLOYMENT_TARGET = 13.6;
				MARKETING_VERSION = 1.0;
				PRODUCT_BUNDLE_IDENTIFIER = "com.knowledge.demoApp.TabBar-SwiftUI";
				PRODUCT_NAME = "$(TARGET_NAME)";
				SDKROOT = auto;
				SUPPORTED_PLATFORMS = "iphoneos iphonesimulator macosx";
				SWIFT_EMIT_LOC_STRINGS = YES;
				SWIFT_VERSION = 5.0;
				TARGETED_DEVICE_FAMILY = "1,2";
			};
			name = Debug;
		};
		77490A112C9B8E2700B3F09F /* Release */ = {
			isa = XCBuildConfiguration;
			buildSettings = {
				ASSETCATALOG_COMPILER_APPICON_NAME = AppIcon;
				ASSETCATALOG_COMPILER_GLOBAL_ACCENT_COLOR_NAME = AccentColor;
				CODE_SIGN_ENTITLEMENTS = TabBar_SwiftUI/TabBar_SwiftUI.entitlements;
				CODE_SIGN_STYLE = Automatic;
				CURRENT_PROJECT_VERSION = 1;
				DEVELOPMENT_ASSET_PATHS = "\"TabBar_SwiftUI/Preview Content\"";
				DEVELOPMENT_TEAM = R769684S8H;
				ENABLE_HARDENED_RUNTIME = YES;
				ENABLE_PREVIEWS = YES;
				GENERATE_INFOPLIST_FILE = YES;
				"INFOPLIST_KEY_UIApplicationSceneManifest_Generation[sdk=iphoneos*]" = YES;
				"INFOPLIST_KEY_UIApplicationSceneManifest_Generation[sdk=iphonesimulator*]" = YES;
				"INFOPLIST_KEY_UIApplicationSupportsIndirectInputEvents[sdk=iphoneos*]" = YES;
				"INFOPLIST_KEY_UIApplicationSupportsIndirectInputEvents[sdk=iphonesimulator*]" = YES;
				"INFOPLIST_KEY_UILaunchScreen_Generation[sdk=iphoneos*]" = YES;
				"INFOPLIST_KEY_UILaunchScreen_Generation[sdk=iphonesimulator*]" = YES;
				"INFOPLIST_KEY_UIStatusBarStyle[sdk=iphoneos*]" = UIStatusBarStyleDefault;
				"INFOPLIST_KEY_UIStatusBarStyle[sdk=iphonesimulator*]" = UIStatusBarStyleDefault;
				INFOPLIST_KEY_UISupportedInterfaceOrientations_iPad = "UIInterfaceOrientationPortrait UIInterfaceOrientationPortraitUpsideDown UIInterfaceOrientationLandscapeLeft UIInterfaceOrientationLandscapeRight";
				INFOPLIST_KEY_UISupportedInterfaceOrientations_iPhone = "UIInterfaceOrientationPortrait UIInterfaceOrientationLandscapeLeft UIInterfaceOrientationLandscapeRight";
				IPHONEOS_DEPLOYMENT_TARGET = 17.2;
				LD_RUNPATH_SEARCH_PATHS = "@executable_path/Frameworks";
				"LD_RUNPATH_SEARCH_PATHS[sdk=macosx*]" = "@executable_path/../Frameworks";
				MACOSX_DEPLOYMENT_TARGET = 13.6;
				MARKETING_VERSION = 1.0;
				PRODUCT_BUNDLE_IDENTIFIER = "com.knowledge.demoApp.TabBar-SwiftUI";
				PRODUCT_NAME = "$(TARGET_NAME)";
				SDKROOT = auto;
				SUPPORTED_PLATFORMS = "iphoneos iphonesimulator macosx";
				SWIFT_EMIT_LOC_STRINGS = YES;
				SWIFT_VERSION = 5.0;
				TARGETED_DEVICE_FAMILY = "1,2";
			};
			name = Release;
		};
/* End XCBuildConfiguration section */

/* Begin XCConfigurationList section */
		774909FB2C9B8E2400B3F09F /* Build configuration list for PBXProject "TabBar_SwiftUI" */ = {
			isa = XCConfigurationList;
			buildConfigurations = (
				77490A0D2C9B8E2700B3F09F /* Debug */,
				77490A0E2C9B8E2700B3F09F /* Release */,
			);
			defaultConfigurationIsVisible = 0;
			defaultConfigurationName = Release;
		};
		77490A0F2C9B8E2700B3F09F /* Build configuration list for PBXNativeTarget "TabBar_SwiftUI" */ = {
			isa = XCConfigurationList;
			buildConfigurations = (
				77490A102C9B8E2700B3F09F /* Debug */,
				77490A112C9B8E2700B3F09F /* Release */,
			);
			defaultConfigurationIsVisible = 0;
			defaultConfigurationName = Release;
		};
/* End XCConfigurationList section */
	};
	rootObject = 774909F82C9B8E2400B3F09F /* Project object */;
}
